// !$*UTF8*$!
{
	archiveVersion = 1;
	classes = {
	};
	objectVersion = 46;
	objects = {

/* Begin PBXBuildFile section */
		0441A9D31C2BC8E6005A141D /* main.m in Sources */ = {isa = PBXBuildFile; fileRef = 0441A9D21C2BC8E6005A141D /* main.m */; };
		0441A9D61C2BC8E6005A141D /* AppDelegate.m in Sources */ = {isa = PBXBuildFile; fileRef = 0441A9D51C2BC8E6005A141D /* AppDelegate.m */; };
		0441A9D91C2BC8E6005A141D /* ViewController.m in Sources */ = {isa = PBXBuildFile; fileRef = 0441A9D81C2BC8E6005A141D /* ViewController.m */; };
		0441A9DC1C2BC8E6005A141D /* Main.storyboard in Resources */ = {isa = PBXBuildFile; fileRef = 0441A9DA1C2BC8E6005A141D /* Main.storyboard */; };
		0441A9DE1C2BC8E6005A141D /* Assets.xcassets in Resources */ = {isa = PBXBuildFile; fileRef = 0441A9DD1C2BC8E6005A141D /* Assets.xcassets */; };
		0441A9E11C2BC8E6005A141D /* LaunchScreen.storyboard in Resources */ = {isa = PBXBuildFile; fileRef = 0441A9DF1C2BC8E6005A141D /* LaunchScreen.storyboard */; };
		0441A9EC1C2BC8E6005A141D /* PwdInputConfirmPopViewTests.m in Sources */ = {isa = PBXBuildFile; fileRef = 0441A9EB1C2BC8E6005A141D /* PwdInputConfirmPopViewTests.m */; };
		0441A9F71C2BC8E6005A141D /* PwdInputConfirmPopViewUITests.m in Sources */ = {isa = PBXBuildFile; fileRef = 0441A9F61C2BC8E6005A141D /* PwdInputConfirmPopViewUITests.m */; };
		0441AA071C2BC992005A141D /* ConfirmPayPopView.m in Sources */ = {isa = PBXBuildFile; fileRef = 0441AA061C2BC992005A141D /* ConfirmPayPopView.m */; };
		0441AA0E1C2BCCA6005A141D /* Toast+UIView.m in Sources */ = {isa = PBXBuildFile; fileRef = 0441AA0B1C2BCCA6005A141D /* Toast+UIView.m */; };
		0441AA0F1C2BCCA6005A141D /* ToastDisplay.m in Sources */ = {isa = PBXBuildFile; fileRef = 0441AA0D1C2BCCA6005A141D /* ToastDisplay.m */; };
		0441AA141C2BD57A005A141D /* ZLTextFiled.m in Sources */ = {isa = PBXBuildFile; fileRef = 0441AA131C2BD57A005A141D /* ZLTextFiled.m */; };
/* End PBXBuildFile section */

/* Begin PBXContainerItemProxy section */
		0441A9E81C2BC8E6005A141D /* PBXContainerItemProxy */ = {
			isa = PBXContainerItemProxy;
			containerPortal = 0441A9C61C2BC8E6005A141D /* Project object */;
			proxyType = 1;
			remoteGlobalIDString = 0441A9CD1C2BC8E6005A141D;
			remoteInfo = PwdInputConfirmPopView;
		};
		0441A9F31C2BC8E6005A141D /* PBXContainerItemProxy */ = {
			isa = PBXContainerItemProxy;
			containerPortal = 0441A9C61C2BC8E6005A141D /* Project object */;
			proxyType = 1;
			remoteGlobalIDString = 0441A9CD1C2BC8E6005A141D;
			remoteInfo = PwdInputConfirmPopView;
		};
/* End PBXContainerItemProxy section */

/* Begin PBXFileReference section */
		0441A9CE1C2BC8E6005A141D /* PwdInputConfirmPopView.app */ = {isa = PBXFileReference; explicitFileType = wrapper.application; includeInIndex = 0; path = PwdInputConfirmPopView.app; sourceTree = BUILT_PRODUCTS_DIR; };
		0441A9D21C2BC8E6005A141D /* main.m */ = {isa = PBXFileReference; lastKnownFileType = sourcecode.c.objc; path = main.m; sourceTree = "<group>"; };
		0441A9D41C2BC8E6005A141D /* AppDelegate.h */ = {isa = PBXFileReference; lastKnownFileType = sourcecode.c.h; path = AppDelegate.h; sourceTree = "<group>"; };
		0441A9D51C2BC8E6005A141D /* AppDelegate.m */ = {isa = PBXFileReference; lastKnownFileType = sourcecode.c.objc; path = AppDelegate.m; sourceTree = "<group>"; };
		0441A9D71C2BC8E6005A141D /* ViewController.h */ = {isa = PBXFileReference; lastKnownFileType = sourcecode.c.h; path = ViewController.h; sourceTree = "<group>"; };
		0441A9D81C2BC8E6005A141D /* ViewController.m */ = {isa = PBXFileReference; lastKnownFileType = sourcecode.c.objc; path = ViewController.m; sourceTree = "<group>"; };
		0441A9DB1C2BC8E6005A141D /* Base */ = {isa = PBXFileReference; lastKnownFileType = file.storyboard; name = Base; path = Base.lproj/Main.storyboard; sourceTree = "<group>"; };
		0441A9DD1C2BC8E6005A141D /* Assets.xcassets */ = {isa = PBXFileReference; lastKnownFileType = folder.assetcatalog; path = Assets.xcassets; sourceTree = "<group>"; };
		0441A9E01C2BC8E6005A141D /* Base */ = {isa = PBXFileReference; lastKnownFileType = file.storyboard; name = Base; path = Base.lproj/LaunchScreen.storyboard; sourceTree = "<group>"; };
		0441A9E21C2BC8E6005A141D /* Info.plist */ = {isa = PBXFileReference; lastKnownFileType = text.plist.xml; path = Info.plist; sourceTree = "<group>"; };
		0441A9E71C2BC8E6005A141D /* PwdInputConfirmPopViewTests.xctest */ = {isa = PBXFileReference; explicitFileType = wrapper.cfbundle; includeInIndex = 0; path = PwdInputConfirmPopViewTests.xctest; sourceTree = BUILT_PRODUCTS_DIR; };
		0441A9EB1C2BC8E6005A141D /* PwdInputConfirmPopViewTests.m */ = {isa = PBXFileReference; lastKnownFileType = sourcecode.c.objc; path = PwdInputConfirmPopViewTests.m; sourceTree = "<group>"; };
		0441A9ED1C2BC8E6005A141D /* Info.plist */ = {isa = PBXFileReference; lastKnownFileType = text.plist.xml; path = Info.plist; sourceTree = "<group>"; };
		0441A9F21C2BC8E6005A141D /* PwdInputConfirmPopViewUITests.xctest */ = {isa = PBXFileReference; explicitFileType = wrapper.cfbundle; includeInIndex = 0; path = PwdInputConfirmPopViewUITests.xctest; sourceTree = BUILT_PRODUCTS_DIR; };
		0441A9F61C2BC8E6005A141D /* PwdInputConfirmPopViewUITests.m */ = {isa = PBXFileReference; lastKnownFileType = sourcecode.c.objc; path = PwdInputConfirmPopViewUITests.m; sourceTree = "<group>"; };
		0441A9F81C2BC8E6005A141D /* Info.plist */ = {isa = PBXFileReference; lastKnownFileType = text.plist.xml; path = Info.plist; sourceTree = "<group>"; };
		0441AA051C2BC992005A141D /* ConfirmPayPopView.h */ = {isa = PBXFileReference; fileEncoding = 4; lastKnownFileType = sourcecode.c.h; name = ConfirmPayPopView.h; path = ConfirmPopView/ConfirmPayPopView.h; sourceTree = "<group>"; };
		0441AA061C2BC992005A141D /* ConfirmPayPopView.m */ = {isa = PBXFileReference; fileEncoding = 4; lastKnownFileType = sourcecode.c.objc; name = ConfirmPayPopView.m; path = ConfirmPopView/ConfirmPayPopView.m; sourceTree = "<group>"; };
		0441AA081C2BCAEF005A141D /* PrefixHeader.pch */ = {isa = PBXFileReference; lastKnownFileType = sourcecode.c.h; path = PrefixHeader.pch; sourceTree = "<group>"; };
		0441AA0A1C2BCCA6005A141D /* Toast+UIView.h */ = {isa = PBXFileReference; fileEncoding = 4; lastKnownFileType = sourcecode.c.h; name = "Toast+UIView.h"; path = "Toast/Toast+UIView.h"; sourceTree = "<group>"; };
		0441AA0B1C2BCCA6005A141D /* Toast+UIView.m */ = {isa = PBXFileReference; fileEncoding = 4; lastKnownFileType = sourcecode.c.objc; name = "Toast+UIView.m"; path = "Toast/Toast+UIView.m"; sourceTree = "<group>"; };
		0441AA0C1C2BCCA6005A141D /* ToastDisplay.h */ = {isa = PBXFileReference; fileEncoding = 4; lastKnownFileType = sourcecode.c.h; name = ToastDisplay.h; path = Toast/ToastDisplay.h; sourceTree = "<group>"; };
		0441AA0D1C2BCCA6005A141D /* ToastDisplay.m */ = {isa = PBXFileReference; fileEncoding = 4; lastKnownFileType = sourcecode.c.objc; name = ToastDisplay.m; path = Toast/ToastDisplay.m; sourceTree = "<group>"; };
		0441AA101C2BCCBC005A141D /* SynthesizeSingleton.h */ = {isa = PBXFileReference; fileEncoding = 4; lastKnownFileType = sourcecode.c.h; name = SynthesizeSingleton.h; path = Toast/SynthesizeSingleton.h; sourceTree = "<group>"; };
		0441AA121C2BD57A005A141D /* ZLTextFiled.h */ = {isa = PBXFileReference; fileEncoding = 4; lastKnownFileType = sourcecode.c.h; name = ZLTextFiled.h; path = ZLTextFiled/ZLTextFiled.h; sourceTree = "<group>"; };
		0441AA131C2BD57A005A141D /* ZLTextFiled.m */ = {isa = PBXFileReference; fileEncoding = 4; lastKnownFileType = sourcecode.c.objc; name = ZLTextFiled.m; path = ZLTextFiled/ZLTextFiled.m; sourceTree = "<group>"; };
/* End PBXFileReference section */

/* Begin PBXFrameworksBuildPhase section */
		0441A9CB1C2BC8E6005A141D /* Frameworks */ = {
			isa = PBXFrameworksBuildPhase;
			buildActionMask = 2147483647;
			files = (
			);
			runOnlyForDeploymentPostprocessing = 0;
		};
		0441A9E41C2BC8E6005A141D /* Frameworks */ = {
			isa = PBXFrameworksBuildPhase;
			buildActionMask = 2147483647;
			files = (
			);
			runOnlyForDeploymentPostprocessing = 0;
		};
		0441A9EF1C2BC8E6005A141D /* Frameworks */ = {
			isa = PBXFrameworksBuildPhase;
			buildActionMask = 2147483647;
			files = (
			);
			runOnlyForDeploymentPostprocessing = 0;
		};
/* End PBXFrameworksBuildPhase section */

/* Begin PBXGroup section */
		0441A9C51C2BC8E6005A141D = {
			isa = PBXGroup;
			children = (
				0441A9D01C2BC8E6005A141D /* PwdInputConfirmPopView */,
				0441A9EA1C2BC8E6005A141D /* PwdInputConfirmPopViewTests */,
				0441A9F51C2BC8E6005A141D /* PwdInputConfirmPopViewUITests */,
				0441A9CF1C2BC8E6005A141D /* Products */,
			);
			sourceTree = "<group>";
		};
		0441A9CF1C2BC8E6005A141D /* Products */ = {
			isa = PBXGroup;
			children = (
				0441A9CE1C2BC8E6005A141D /* PwdInputConfirmPopView.app */,
				0441A9E71C2BC8E6005A141D /* PwdInputConfirmPopViewTests.xctest */,
				0441A9F21C2BC8E6005A141D /* PwdInputConfirmPopViewUITests.xctest */,
			);
			name = Products;
			sourceTree = "<group>";
		};
		0441A9D01C2BC8E6005A141D /* PwdInputConfirmPopView */ = {
			isa = PBXGroup;
			children = (
				0441AA111C2BD54B005A141D /* ZLTextFiled */,
				0441AA091C2BCC9B005A141D /* Toast */,
				0441AA041C2BC95F005A141D /* ConfirmPopView */,
				0441A9D41C2BC8E6005A141D /* AppDelegate.h */,
				0441A9D51C2BC8E6005A141D /* AppDelegate.m */,
				0441A9D71C2BC8E6005A141D /* ViewController.h */,
				0441A9D81C2BC8E6005A141D /* ViewController.m */,
				0441A9DA1C2BC8E6005A141D /* Main.storyboard */,
				0441A9DD1C2BC8E6005A141D /* Assets.xcassets */,
				0441A9DF1C2BC8E6005A141D /* LaunchScreen.storyboard */,
				0441A9E21C2BC8E6005A141D /* Info.plist */,
				0441A9D11C2BC8E6005A141D /* Supporting Files */,
			);
			path = PwdInputConfirmPopView;
			sourceTree = "<group>";
		};
		0441A9D11C2BC8E6005A141D /* Supporting Files */ = {
			isa = PBXGroup;
			children = (
				0441A9D21C2BC8E6005A141D /* main.m */,
				0441AA081C2BCAEF005A141D /* PrefixHeader.pch */,
			);
			name = "Supporting Files";
			sourceTree = "<group>";
		};
		0441A9EA1C2BC8E6005A141D /* PwdInputConfirmPopViewTests */ = {
			isa = PBXGroup;
			children = (
				0441A9EB1C2BC8E6005A141D /* PwdInputConfirmPopViewTests.m */,
				0441A9ED1C2BC8E6005A141D /* Info.plist */,
			);
			path = PwdInputConfirmPopViewTests;
			sourceTree = "<group>";
		};
		0441A9F51C2BC8E6005A141D /* PwdInputConfirmPopViewUITests */ = {
			isa = PBXGroup;
			children = (
				0441A9F61C2BC8E6005A141D /* PwdInputConfirmPopViewUITests.m */,
				0441A9F81C2BC8E6005A141D /* Info.plist */,
			);
			path = PwdInputConfirmPopViewUITests;
			sourceTree = "<group>";
		};
		0441AA041C2BC95F005A141D /* ConfirmPopView */ = {
			isa = PBXGroup;
			children = (
				0441AA051C2BC992005A141D /* ConfirmPayPopView.h */,
				0441AA061C2BC992005A141D /* ConfirmPayPopView.m */,
			);
			name = ConfirmPopView;
			sourceTree = "<group>";
		};
		0441AA091C2BCC9B005A141D /* Toast */ = {
			isa = PBXGroup;
			children = (
				0441AA101C2BCCBC005A141D /* SynthesizeSingleton.h */,
				0441AA0A1C2BCCA6005A141D /* Toast+UIView.h */,
				0441AA0B1C2BCCA6005A141D /* Toast+UIView.m */,
				0441AA0C1C2BCCA6005A141D /* ToastDisplay.h */,
				0441AA0D1C2BCCA6005A141D /* ToastDisplay.m */,
			);
			name = Toast;
			sourceTree = "<group>";
		};
		0441AA111C2BD54B005A141D /* ZLTextFiled */ = {
			isa = PBXGroup;
			children = (
				0441AA121C2BD57A005A141D /* ZLTextFiled.h */,
				0441AA131C2BD57A005A141D /* ZLTextFiled.m */,
			);
			name = ZLTextFiled;
			sourceTree = "<group>";
		};
/* End PBXGroup section */

/* Begin PBXNativeTarget section */
		0441A9CD1C2BC8E6005A141D /* PwdInputConfirmPopView */ = {
			isa = PBXNativeTarget;
			buildConfigurationList = 0441A9FB1C2BC8E6005A141D /* Build configuration list for PBXNativeTarget "PwdInputConfirmPopView" */;
			buildPhases = (
				0441A9CA1C2BC8E6005A141D /* Sources */,
				0441A9CB1C2BC8E6005A141D /* Frameworks */,
				0441A9CC1C2BC8E6005A141D /* Resources */,
			);
			buildRules = (
			);
			dependencies = (
			);
			name = PwdInputConfirmPopView;
			productName = PwdInputConfirmPopView;
			productReference = 0441A9CE1C2BC8E6005A141D /* PwdInputConfirmPopView.app */;
			productType = "com.apple.product-type.application";
		};
		0441A9E61C2BC8E6005A141D /* PwdInputConfirmPopViewTests */ = {
			isa = PBXNativeTarget;
			buildConfigurationList = 0441A9FE1C2BC8E6005A141D /* Build configuration list for PBXNativeTarget "PwdInputConfirmPopViewTests" */;
			buildPhases = (
				0441A9E31C2BC8E6005A141D /* Sources */,
				0441A9E41C2BC8E6005A141D /* Frameworks */,
				0441A9E51C2BC8E6005A141D /* Resources */,
			);
			buildRules = (
			);
			dependencies = (
				0441A9E91C2BC8E6005A141D /* PBXTargetDependency */,
			);
			name = PwdInputConfirmPopViewTests;
			productName = PwdInputConfirmPopViewTests;
			productReference = 0441A9E71C2BC8E6005A141D /* PwdInputConfirmPopViewTests.xctest */;
			productType = "com.apple.product-type.bundle.unit-test";
		};
		0441A9F11C2BC8E6005A141D /* PwdInputConfirmPopViewUITests */ = {
			isa = PBXNativeTarget;
			buildConfigurationList = 0441AA011C2BC8E6005A141D /* Build configuration list for PBXNativeTarget "PwdInputConfirmPopViewUITests" */;
			buildPhases = (
				0441A9EE1C2BC8E6005A141D /* Sources */,
				0441A9EF1C2BC8E6005A141D /* Frameworks */,
				0441A9F01C2BC8E6005A141D /* Resources */,
			);
			buildRules = (
			);
			dependencies = (
				0441A9F41C2BC8E6005A141D /* PBXTargetDependency */,
			);
			name = PwdInputConfirmPopViewUITests;
			productName = PwdInputConfirmPopViewUITests;
			productReference = 0441A9F21C2BC8E6005A141D /* PwdInputConfirmPopViewUITests.xctest */;
			productType = "com.apple.product-type.bundle.ui-testing";
		};
/* End PBXNativeTarget section */

/* Begin PBXProject section */
		0441A9C61C2BC8E6005A141D /* Project object */ = {
			isa = PBXProject;
			attributes = {
				LastUpgradeCheck = 0720;
				ORGANIZATIONNAME = zhanglei;
				TargetAttributes = {
					0441A9CD1C2BC8E6005A141D = {
						CreatedOnToolsVersion = 7.2;
					};
					0441A9E61C2BC8E6005A141D = {
						CreatedOnToolsVersion = 7.2;
						TestTargetID = 0441A9CD1C2BC8E6005A141D;
					};
					0441A9F11C2BC8E6005A141D = {
						CreatedOnToolsVersion = 7.2;
						TestTargetID = 0441A9CD1C2BC8E6005A141D;
					};
				};
			};
			buildConfigurationList = 0441A9C91C2BC8E6005A141D /* Build configuration list for PBXProject "PwdInputConfirmPopView" */;
			compatibilityVersion = "Xcode 3.2";
			developmentRegion = English;
			hasScannedForEncodings = 0;
			knownRegions = (
				en,
				Base,
			);
			mainGroup = 0441A9C51C2BC8E6005A141D;
			productRefGroup = 0441A9CF1C2BC8E6005A141D /* Products */;
			projectDirPath = "";
			projectRoot = "";
			targets = (
				0441A9CD1C2BC8E6005A141D /* PwdInputConfirmPopView */,
				0441A9E61C2BC8E6005A141D /* PwdInputConfirmPopViewTests */,
				0441A9F11C2BC8E6005A141D /* PwdInputConfirmPopViewUITests */,
			);
		};
/* End PBXProject section */

/* Begin PBXResourcesBuildPhase section */
		0441A9CC1C2BC8E6005A141D /* Resources */ = {
			isa = PBXResourcesBuildPhase;
			buildActionMask = 2147483647;
			files = (
				0441A9E11C2BC8E6005A141D /* LaunchScreen.storyboard in Resources */,
				0441A9DE1C2BC8E6005A141D /* Assets.xcassets in Resources */,
				0441A9DC1C2BC8E6005A141D /* Main.storyboard in Resources */,
			);
			runOnlyForDeploymentPostprocessing = 0;
		};
		0441A9E51C2BC8E6005A141D /* Resources */ = {
			isa = PBXResourcesBuildPhase;
			buildActionMask = 2147483647;
			files = (
			);
			runOnlyForDeploymentPostprocessing = 0;
		};
		0441A9F01C2BC8E6005A141D /* Resources */ = {
			isa = PBXResourcesBuildPhase;
			buildActionMask = 2147483647;
			files = (
			);
			runOnlyForDeploymentPostprocessing = 0;
		};
/* End PBXResourcesBuildPhase section */

/* Begin PBXSourcesBuildPhase section */
		0441A9CA1C2BC8E6005A141D /* Sources */ = {
			isa = PBXSourcesBuildPhase;
			buildActionMask = 2147483647;
			files = (
				0441AA141C2BD57A005A141D /* ZLTextFiled.m in Sources */,
				0441AA0F1C2BCCA6005A141D /* ToastDisplay.m in Sources */,
				0441AA071C2BC992005A141D /* ConfirmPayPopView.m in Sources */,
				0441AA0E1C2BCCA6005A141D /* Toast+UIView.m in Sources */,
				0441A9D91C2BC8E6005A141D /* ViewController.m in Sources */,
				0441A9D61C2BC8E6005A141D /* AppDelegate.m in Sources */,
				0441A9D31C2BC8E6005A141D /* main.m in Sources */,
			);
			runOnlyForDeploymentPostprocessing = 0;
		};
		0441A9E31C2BC8E6005A141D /* Sources */ = {
			isa = PBXSourcesBuildPhase;
			buildActionMask = 2147483647;
			files = (
				0441A9EC1C2BC8E6005A141D /* PwdInputConfirmPopViewTests.m in Sources */,
			);
			runOnlyForDeploymentPostprocessing = 0;
		};
		0441A9EE1C2BC8E6005A141D /* Sources */ = {
			isa = PBXSourcesBuildPhase;
			buildActionMask = 2147483647;
			files = (
				0441A9F71C2BC8E6005A141D /* PwdInputConfirmPopViewUITests.m in Sources */,
			);
			runOnlyForDeploymentPostprocessing = 0;
		};
/* End PBXSourcesBuildPhase section */

/* Begin PBXTargetDependency section */
		0441A9E91C2BC8E6005A141D /* PBXTargetDependency */ = {
			isa = PBXTargetDependency;
			target = 0441A9CD1C2BC8E6005A141D /* PwdInputConfirmPopView */;
			targetProxy = 0441A9E81C2BC8E6005A141D /* PBXContainerItemProxy */;
		};
		0441A9F41C2BC8E6005A141D /* PBXTargetDependency */ = {
			isa = PBXTargetDependency;
			target = 0441A9CD1C2BC8E6005A141D /* PwdInputConfirmPopView */;
			targetProxy = 0441A9F31C2BC8E6005A141D /* PBXContainerItemProxy */;
		};
/* End PBXTargetDependency section */

/* Begin PBXVariantGroup section */
		0441A9DA1C2BC8E6005A141D /* Main.storyboard */ = {
			isa = PBXVariantGroup;
			children = (
				0441A9DB1C2BC8E6005A141D /* Base */,
			);
			name = Main.storyboard;
			sourceTree = "<group>";
		};
		0441A9DF1C2BC8E6005A141D /* LaunchScreen.storyboard */ = {
			isa = PBXVariantGroup;
			children = (
				0441A9E01C2BC8E6005A141D /* Base */,
			);
			name = LaunchScreen.storyboard;
			sourceTree = "<group>";
		};
/* End PBXVariantGroup section */

/* Begin XCBuildConfiguration section */
		0441A9F91C2BC8E6005A141D /* Debug */ = {
			isa = XCBuildConfiguration;
			buildSettings = {
				ALWAYS_SEARCH_USER_PATHS = NO;
				CLANG_CXX_LANGUAGE_STANDARD = "gnu++0x";
				CLANG_CXX_LIBRARY = "libc++";
				CLANG_ENABLE_MODULES = YES;
				CLANG_ENABLE_OBJC_ARC = YES;
				CLANG_WARN_BOOL_CONVERSION = YES;
				CLANG_WARN_CONSTANT_CONVERSION = YES;
				CLANG_WARN_DIRECT_OBJC_ISA_USAGE = YES_ERROR;
				CLANG_WARN_EMPTY_BODY = YES;
				CLANG_WARN_ENUM_CONVERSION = YES;
				CLANG_WARN_INT_CONVERSION = YES;
				CLANG_WARN_OBJC_ROOT_CLASS = YES_ERROR;
				CLANG_WARN_UNREACHABLE_CODE = YES;
				CLANG_WARN__DUPLICATE_METHOD_MATCH = YES;
				"CODE_SIGN_IDENTITY[sdk=iphoneos*]" = "iPhone Developer";
				COPY_PHASE_STRIP = NO;
				DEBUG_INFORMATION_FORMAT = dwarf;
				ENABLE_STRICT_OBJC_MSGSEND = YES;
				ENABLE_TESTABILITY = YES;
				GCC_C_LANGUAGE_STANDARD = gnu99;
				GCC_DYNAMIC_NO_PIC = NO;
				GCC_NO_COMMON_BLOCKS = YES;
				GCC_OPTIMIZATION_LEVEL = 0;
				GCC_PREPROCESSOR_DEFINITIONS = (
					"DEBUG=1",
					"$(inherited)",
				);
				GCC_WARN_64_TO_32_BIT_CONVERSION = YES;
				GCC_WARN_ABOUT_RETURN_TYPE = YES_ERROR;
				GCC_WARN_UNDECLARED_SELECTOR = YES;
				GCC_WARN_UNINITIALIZED_AUTOS = YES_AGGRESSIVE;
				GCC_WARN_UNUSED_FUNCTION = YES;
				GCC_WARN_UNUSED_VARIABLE = YES;
				IPHONEOS_DEPLOYMENT_TARGET = 9.2;
				MTL_ENABLE_DEBUG_INFO = YES;
				ONLY_ACTIVE_ARCH = YES;
				SDKROOT = iphoneos;
			};
			name = Debug;
		};
		0441A9FA1C2BC8E6005A141D /* Release */ = {
			isa = XCBuildConfiguration;
			buildSettings = {
				ALWAYS_SEARCH_USER_PATHS = NO;
				CLANG_CXX_LANGUAGE_STANDARD = "gnu++0x";
				CLANG_CXX_LIBRARY = "libc++";
				CLANG_ENABLE_MODULES = YES;
				CLANG_ENABLE_OBJC_ARC = YES;
				CLANG_WARN_BOOL_CONVERSION = YES;
				CLANG_WARN_CONSTANT_CONVERSION = YES;
				CLANG_WARN_DIRECT_OBJC_ISA_USAGE = YES_ERROR;
				CLANG_WARN_EMPTY_BODY = YES;
				CLANG_WARN_ENUM_CONVERSION = YES;
				CLANG_WARN_INT_CONVERSION = YES;
				CLANG_WARN_OBJC_ROOT_CLASS = YES_ERROR;
				CLANG_WARN_UNREACHABLE_CODE = YES;
				CLANG_WARN__DUPLICATE_METHOD_MATCH = YES;
				"CODE_SIGN_IDENTITY[sdk=iphoneos*]" = "iPhone Developer";
				COPY_PHASE_STRIP = NO;
				DEBUG_INFORMATION_FORMAT = "dwarf-with-dsym";
				ENABLE_NS_ASSERTIONS = NO;
				ENABLE_STRICT_OBJC_MSGSEND = YES;
				GCC_C_LANGUAGE_STANDARD = gnu99;
				GCC_NO_COMMON_BLOCKS = YES;
				GCC_WARN_64_TO_32_BIT_CONVERSION = YES;
				GCC_WARN_ABOUT_RETURN_TYPE = YES_ERROR;
				GCC_WARN_UNDECLARED_SELECTOR = YES;
				GCC_WARN_UNINITIALIZED_AUTOS = YES_AGGRESSIVE;
				GCC_WARN_UNUSED_FUNCTION = YES;
				GCC_WARN_UNUSED_VARIABLE = YES;
				IPHONEOS_DEPLOYMENT_TARGET = 9.2;
				MTL_ENABLE_DEBUG_INFO = NO;
				SDKROOT = iphoneos;
				VALIDATE_PRODUCT = YES;
			};
			name = Release;
		};
		0441A9FC1C2BC8E6005A141D /* Debug */ = {
			isa = XCBuildConfiguration;
			buildSettings = {
				ASSETCATALOG_COMPILER_APPICON_NAME = AppIcon;
				GCC_PREFIX_HEADER = "$(SRCROOT)/PwdInputConfirmPopView/PrefixHeader.pch";
				INFOPLIST_FILE = PwdInputConfirmPopView/Info.plist;
				LD_RUNPATH_SEARCH_PATHS = "$(inherited) @executable_path/Frameworks";
				PRODUCT_BUNDLE_IDENTIFIER = zhanglei.PwdInputConfirmPopView;
				PRODUCT_NAME = "$(TARGET_NAME)";
			};
			name = Debug;
		};
		0441A9FD1C2BC8E6005A141D /* Release */ = {
			isa = XCBuildConfiguration;
			buildSettings = {
				ASSETCATALOG_COMPILER_APPICON_NAME = AppIcon;
				GCC_PREFIX_HEADER = "$(SRCROOT)/PwdInputConfirmPopView/PrefixHeader.pch";
				INFOPLIST_FILE = PwdInputConfirmPopView/Info.plist;
				LD_RUNPATH_SEARCH_PATHS = "$(inherited) @executable_path/Frameworks";
				PRODUCT_BUNDLE_IDENTIFIER = zhanglei.PwdInputConfirmPopView;
				PRODUCT_NAME = "$(TARGET_NAME)";
			};
			name = Release;
		};
		0441A9FF1C2BC8E6005A141D /* Debug */ = {
			isa = XCBuildConfiguration;
			buildSettings = {
				BUNDLE_LOADER = "$(TEST_HOST)";
				INFOPLIST_FILE = PwdInputConfirmPopViewTests/Info.plist;
				LD_RUNPATH_SEARCH_PATHS = "$(inherited) @executable_path/Frameworks @loader_path/Frameworks";
				PRODUCT_BUNDLE_IDENTIFIER = zhanglei.PwdInputConfirmPopViewTests;
				PRODUCT_NAME = "$(TARGET_NAME)";
				TEST_HOST = "$(BUILT_PRODUCTS_DIR)/PwdInputConfirmPopView.app/PwdInputConfirmPopView";
			};
			name = Debug;
		};
		0441AA001C2BC8E6005A141D /* Release */ = {
			isa = XCBuildConfiguration;
			buildSettings = {
				BUNDLE_LOADER = "$(TEST_HOST)";
				INFOPLIST_FILE = PwdInputConfirmPopViewTests/Info.plist;
				LD_RUNPATH_SEARCH_PATHS = "$(inherited) @executable_path/Frameworks @loader_path/Frameworks";
				PRODUCT_BUNDLE_IDENTIFIER = zhanglei.PwdInputConfirmPopViewTests;
				PRODUCT_NAME = "$(TARGET_NAME)";
				TEST_HOST = "$(BUILT_PRODUCTS_DIR)/PwdInputConfirmPopView.app/PwdInputConfirmPopView";
			};
			name = Release;
		};
		0441AA021C2BC8E6005A141D /* Debug */ = {
			isa = XCBuildConfiguration;
			buildSettings = {
				INFOPLIST_FILE = PwdInputConfirmPopViewUITests/Info.plist;
				LD_RUNPATH_SEARCH_PATHS = "$(inherited) @executable_path/Frameworks @loader_path/Frameworks";
				PRODUCT_BUNDLE_IDENTIFIER = zhanglei.PwdInputConfirmPopViewUITests;
				PRODUCT_NAME = "$(TARGET_NAME)";
				TEST_TARGET_NAME = PwdInputConfirmPopView;
				USES_XCTRUNNER = YES;
			};
			name = Debug;
		};
		0441AA031C2BC8E6005A141D /* Release */ = {
			isa = XCBuildConfiguration;
			buildSettings = {
				INFOPLIST_FILE = PwdInputConfirmPopViewUITests/Info.plist;
				LD_RUNPATH_SEARCH_PATHS = "$(inherited) @executable_path/Frameworks @loader_path/Frameworks";
				PRODUCT_BUNDLE_IDENTIFIER = zhanglei.PwdInputConfirmPopViewUITests;
				PRODUCT_NAME = "$(TARGET_NAME)";
				TEST_TARGET_NAME = PwdInputConfirmPopView;
				USES_XCTRUNNER = YES;
			};
			name = Release;
		};
/* End XCBuildConfiguration section */

/* Begin XCConfigurationList section */
		0441A9C91C2BC8E6005A141D /* Build configuration list for PBXProject "PwdInputConfirmPopView" */ = {
			isa = XCConfigurationList;
			buildConfigurations = (
				0441A9F91C2BC8E6005A141D /* Debug */,
				0441A9FA1C2BC8E6005A141D /* Release */,
			);
			defaultConfigurationIsVisible = 0;
			defaultConfigurationName = Release;
		};
		0441A9FB1C2BC8E6005A141D /* Build configuration list for PBXNativeTarget "PwdInputConfirmPopView" */ = {
			isa = XCConfigurationList;
			buildConfigurations = (
				0441A9FC1C2BC8E6005A141D /* Debug */,
				0441A9FD1C2BC8E6005A141D /* Release */,
			);
			defaultConfigurationIsVisible = 0;
		};
		0441A9FE1C2BC8E6005A141D /* Build configuration list for PBXNativeTarget "PwdInputConfirmPopViewTests" */ = {
			isa = XCConfigurationList;
			buildConfigurations = (
				0441A9FF1C2BC8E6005A141D /* Debug */,
				0441AA001C2BC8E6005A141D /* Release */,
			);
			defaultConfigurationIsVisible = 0;
		};
		0441AA011C2BC8E6005A141D /* Build configuration list for PBXNativeTarget "PwdInputConfirmPopViewUITests" */ = {
			isa = XCConfigurationList;
			buildConfigurations = (
				0441AA021C2BC8E6005A141D /* Debug */,
				0441AA031C2BC8E6005A141D /* Release */,
			);
			defaultConfigurationIsVisible = 0;
		};
/* End XCConfigurationList section */
	};
	rootObject = 0441A9C61C2BC8E6005A141D /* Project object */;
}
